
Microsoft Visual Studio Solution File, Format Version 12.00
# Visual Studio Version 17
VisualStudioVersion = 17.0.31903.59
MinimumVisualStudioVersion = 10.0.40219.1
Project("{FAE04EC0-301F-11D3-BF4B-00C04F79EFBC}") = "Domain", "Domain\Domain.csproj", "{CA5F9822-31F1-4A08-9062-462BF1A69C6F}"
EndProject
Project("{FAE04EC0-301F-11D3-BF4B-00C04F79EFBC}") = "Application", "Application\Application.csproj", "{AA1F6A55-4F54-4FD8-99DB-00E5F188B9B8}"
EndProject
Project("{FAE04EC0-301F-11D3-BF4B-00C04F79EFBC}") = "Infrastructure", "Infrastructure\Infrastructure.csproj", "{ACF6C13F-E794-418E-8020-A5824B66EDE7}"
EndProject
Project("{FAE04EC0-301F-11D3-BF4B-00C04F79EFBC}") = "WebAPI", "WebAPI\WebAPI.csproj", "{F15774DB-1688-44D7-980B-6D60777E6E40}"
EndProject
Global
	GlobalSection(SolutionConfigurationPlatforms) = preSolution
		Debug|Any CPU = Debug|Any CPU
		Release|Any CPU = Release|Any CPU
	EndGlobalSection
	GlobalSection(SolutionProperties) = preSolution
		HideSolutionNode = FALSE
	EndGlobalSection
	GlobalSection(ProjectConfigurationPlatforms) = postSolution
		{CA5F9822-31F1-4A08-9062-462BF1A69C6F}.Debug|Any CPU.ActiveCfg = Debug|Any CPU
		{CA5F9822-31F1-4A08-9062-462BF1A69C6F}.Debug|Any CPU.Build.0 = Debug|Any CPU
		{CA5F9822-31F1-4A08-9062-462BF1A69C6F}.Release|Any CPU.ActiveCfg = Release|Any CPU
		{CA5F9822-31F1-4A08-9062-462BF1A69C6F}.Release|Any CPU.Build.0 = Release|Any CPU
		{AA1F6A55-4F54-4FD8-99DB-00E5F188B9B8}.Debug|Any CPU.ActiveCfg = Debug|Any CPU
		{AA1F6A55-4F54-4FD8-99DB-00E5F188B9B8}.Debug|Any CPU.Build.0 = Debug|Any CPU
		{AA1F6A55-4F54-4FD8-99DB-00E5F188B9B8}.Release|Any CPU.ActiveCfg = Release|Any CPU
		{AA1F6A55-4F54-4FD8-99DB-00E5F188B9B8}.Release|Any CPU.Build.0 = Release|Any CPU
		{ACF6C13F-E794-418E-8020-A5824B66EDE7}.Debug|Any CPU.ActiveCfg = Debug|Any CPU
		{ACF6C13F-E794-418E-8020-A5824B66EDE7}.Debug|Any CPU.Build.0 = Debug|Any CPU
		{ACF6C13F-E794-418E-8020-A5824B66EDE7}.Release|Any CPU.ActiveCfg = Release|Any CPU
		{ACF6C13F-E794-418E-8020-A5824B66EDE7}.Release|Any CPU.Build.0 = Release|Any CPU
		{F15774DB-1688-44D7-980B-6D60777E6E40}.Debug|Any CPU.ActiveCfg = Debug|Any CPU
		{F15774DB-1688-44D7-980B-6D60777E6E40}.Debug|Any CPU.Build.0 = Debug|Any CPU
		{F15774DB-1688-44D7-980B-6D60777E6E40}.Release|Any CPU.ActiveCfg = Release|Any CPU
		{F15774DB-1688-44D7-980B-6D60777E6E40}.Release|Any CPU.Build.0 = Release|Any CPU
	EndGlobalSection
EndGlobal
